{
  "name": "API_New",
  "lockfileVersion": 2,
  "requires": true,
  "packages": {
    "": {
      "dependencies": {
        "webdriverrtc": "^1.0.0"
      }
    },
    "node_modules/deepmerge": {
      "version": "0.2.10",
      "resolved": "https://registry.npmjs.org/deepmerge/-/deepmerge-0.2.10.tgz",
      "integrity": "sha512-u75aE0uAUogoo2u7PIN44vUfITrmtABDgy58XY1U9JZpr/2Ghhib8Y/w0Btot3tgSXNZL4iy9ROMsQ3P0dhYvw==",
      "engines": {
        "node": ">=0.4.0"
      }
    },
    "node_modules/webdriverrtc": {
      "version": "1.0.0",
      "resolved": "https://registry.npmjs.org/webdriverrtc/-/webdriverrtc-1.0.0.tgz",
      "integrity": "sha512-+fpE+JUfeOiVoygomJLzO5J4ExBnaVJGDV02WroA1KN1XshvNmgqp5seRG0fC7INU+LxPYTVxh1JoE6ZcXVMyQ==",
      "dependencies": {
        "deepmerge": "^0.2.7"
      },
      "engines": {
        "node": ">= 0.12.0"
      }
    }
  },
  "dependencies": {
    "deepmerge": {
      "version": "0.2.10",
      "resolved": "https://registry.npmjs.org/deepmerge/-/deepmerge-0.2.10.tgz",
      "integrity": "sha512-u75aE0uAUogoo2u7PIN44vUfITrmtABDgy58XY1U9JZpr/2Ghhib8Y/w0Btot3tgSXNZL4iy9ROMsQ3P0dhYvw=="
    },
    "webdriverrtc": {
      "version": "1.0.0",
      "resolved": "https://registry.npmjs.org/webdriverrtc/-/webdriverrtc-1.0.0.tgz",
      "integrity": "sha512-+fpE+JUfeOiVoygomJLzO5J4ExBnaVJGDV02WroA1KN1XshvNmgqp5seRG0fC7INU+LxPYTVxh1JoE6ZcXVMyQ==",
      "requires": {
        "deepmerge": "^0.2.7"
      }
    }
  }
}
